{
  "version": 4,
  "terraform_version": "1.14.1",
  "serial": 3,
  "lineage": "6c4ec872-626d-985a-7eb6-2fee602749c7",
  "outputs": {
    "instance_id": {
      "value": "444ba515-d0c3-40f4-9c36-6b3953817f22",
      "type": "string"
    },
    "ipv4": {
      "value": "10.5.10.106",
      "type": "string"
    },
    "name": {
      "value": "buska-core-app-01",
      "type": "string"
    }
  },
  "resources": [
    {
      "mode": "managed",
      "type": "openstack_compute_instance_v2",
      "name": "buska_core",
      "provider": "provider[\"registry.terraform.io/terraform-provider-openstack/openstack\"]",
      "instances": [
        {
          "schema_version": 0,
          "attributes": {
            "access_ip_v4": "10.5.10.106",
            "access_ip_v6": "",
            "admin_pass": null,
            "all_metadata": {},
            "all_tags": [],
            "availability_zone": "nova",
            "availability_zone_hints": null,
            "block_device": [],
            "config_drive": null,
            "created": "2025-12-16 22:13:32 +0000 UTC",
            "flavor_id": "be9875d8-f22b-426e-91e1-79f04c705c09",
            "flavor_name": "general.large",
            "force_delete": false,
            "hypervisor_hostname": "",
            "id": "444ba515-d0c3-40f4-9c36-6b3953817f22",
            "image_id": "8ac7c385-d5d2-488a-82a4-4e1b57ffa6b1",
            "image_name": "ubuntu-24.04",
            "key_pair": "julio-finale",
            "metadata": null,
            "name": "buska-core-app-01",
            "network": [
              {
                "access_network": false,
                "fixed_ip_v4": "10.5.10.106",
                "fixed_ip_v6": "",
                "mac": "fa:16:3e:89:e2:d1",
                "name": "provider",
                "port": "",
                "uuid": "8e9133dd-0907-42f2-866d-c7ad2af7eb9c"
              }
            ],
            "network_mode": null,
            "personality": [],
            "power_state": "active",
            "region": "RegionOne",
            "scheduler_hints": [],
            "security_groups": [
              "buska"
            ],
            "stop_before_destroy": false,
            "tags": null,
            "timeouts": null,
            "updated": "2025-12-16 22:13:40 +0000 UTC",
            "user_data": null,
            "vendor_options": []
          },
          "sensitive_attributes": [
            [
              {
                "type": "get_attr",
                "value": "admin_pass"
              }
            ]
          ],
          "identity_schema_version": 0,
          "private": "eyJlMmJmYjczMC1lY2FhLTExZTYtOGY4OC0zNDM2M2JjN2M0YzAiOnsiY3JlYXRlIjoxODAwMDAwMDAwMDAwLCJkZWxldGUiOjE4MDAwMDAwMDAwMDAsInVwZGF0ZSI6MTgwMDAwMDAwMDAwMH19"
        }
      ]
    }
  ],
  "check_results": null
}
